
Microsoft Visual Studio Solution File, Format Version 12.00
# Visual Studio Version 17
VisualStudioVersion = 17.7.34031.279
MinimumVisualStudioVersion = 10.0.40219.1
Project("{9A19103F-16F7-4668-BE54-9A1E7A4F7556}") = "2023-1a", "2023-1a\2023-1a.csproj", "{F3659EFA-74E9-4207-B343-A6F007CF9DD7}"
EndProject
Project("{9A19103F-16F7-4668-BE54-9A1E7A4F7556}") = "2023-1b", "2023-1b\2023-1b.csproj", "{C9552682-D9A2-4732-82D3-418D2CFA364F}"
EndProject
Project("{9A19103F-16F7-4668-BE54-9A1E7A4F7556}") = "2023-2a", "2023-2a\2023-2a.csproj", "{891585C0-082B-429D-8F07-6A5DFF7CA6BB}"
EndProject
Project("{9A19103F-16F7-4668-BE54-9A1E7A4F7556}") = "2023-2b", "2023-2b\2023-2b.csproj", "{F33B5FF5-1F02-4B63-94B8-EBDE5F97C0D4}"
EndProject
Project("{2150E333-8FDC-42A3-9474-1A3956D46DE8}") = "Solution Items", "Solution Items", "{FDFF4C3C-5C08-47FA-8EC0-BC6CF492859C}"
	ProjectSection(SolutionItems) = preProject
		.gitignore = .gitignore
		LICENSE = LICENSE
		README.md = README.md
	EndProjectSection
EndProject
Project("{9A19103F-16F7-4668-BE54-9A1E7A4F7556}") = "2022", "2022\2022.csproj", "{8F13F22D-22DD-4847-A43F-22F6B415773A}"
EndProject
Project("{9A19103F-16F7-4668-BE54-9A1E7A4F7556}") = "2023-3", "2023-3\2023-3.csproj", "{3AC1DEFD-C809-4967-A6A1-A0DFD0FBDFC9}"
EndProject
Project("{9A19103F-16F7-4668-BE54-9A1E7A4F7556}") = "2023-5", "2023-5\2023-5.csproj", "{15C5EAC7-6CBA-4D12-9249-44A98315663C}"
EndProject
Project("{9A19103F-16F7-4668-BE54-9A1E7A4F7556}") = "2023-4", "2023-4\2023-4.csproj", "{ED0C795A-7716-4880-B91D-327C514B5902}"
EndProject
Project("{FAE04EC0-301F-11D3-BF4B-00C04F79EFBC}") = "2023-6", "2023-6\2023-6.csproj", "{69E72D71-ADA7-4E21-A04D-F6BB564B8112}"
EndProject
Global
	GlobalSection(SolutionConfigurationPlatforms) = preSolution
		Debug|Any CPU = Debug|Any CPU
		Release|Any CPU = Release|Any CPU
	EndGlobalSection
	GlobalSection(ProjectConfigurationPlatforms) = postSolution
		{F3659EFA-74E9-4207-B343-A6F007CF9DD7}.Debug|Any CPU.ActiveCfg = Debug|Any CPU
		{F3659EFA-74E9-4207-B343-A6F007CF9DD7}.Debug|Any CPU.Build.0 = Debug|Any CPU
		{F3659EFA-74E9-4207-B343-A6F007CF9DD7}.Release|Any CPU.ActiveCfg = Release|Any CPU
		{F3659EFA-74E9-4207-B343-A6F007CF9DD7}.Release|Any CPU.Build.0 = Release|Any CPU
		{C9552682-D9A2-4732-82D3-418D2CFA364F}.Debug|Any CPU.ActiveCfg = Debug|Any CPU
		{C9552682-D9A2-4732-82D3-418D2CFA364F}.Debug|Any CPU.Build.0 = Debug|Any CPU
		{C9552682-D9A2-4732-82D3-418D2CFA364F}.Release|Any CPU.ActiveCfg = Release|Any CPU
		{C9552682-D9A2-4732-82D3-418D2CFA364F}.Release|Any CPU.Build.0 = Release|Any CPU
		{891585C0-082B-429D-8F07-6A5DFF7CA6BB}.Debug|Any CPU.ActiveCfg = Debug|Any CPU
		{891585C0-082B-429D-8F07-6A5DFF7CA6BB}.Debug|Any CPU.Build.0 = Debug|Any CPU
		{891585C0-082B-429D-8F07-6A5DFF7CA6BB}.Release|Any CPU.ActiveCfg = Release|Any CPU
		{891585C0-082B-429D-8F07-6A5DFF7CA6BB}.Release|Any CPU.Build.0 = Release|Any CPU
		{F33B5FF5-1F02-4B63-94B8-EBDE5F97C0D4}.Debug|Any CPU.ActiveCfg = Debug|Any CPU
		{F33B5FF5-1F02-4B63-94B8-EBDE5F97C0D4}.Debug|Any CPU.Build.0 = Debug|Any CPU
		{F33B5FF5-1F02-4B63-94B8-EBDE5F97C0D4}.Release|Any CPU.ActiveCfg = Release|Any CPU
		{F33B5FF5-1F02-4B63-94B8-EBDE5F97C0D4}.Release|Any CPU.Build.0 = Release|Any CPU
		{8F13F22D-22DD-4847-A43F-22F6B415773A}.Debug|Any CPU.ActiveCfg = Debug|Any CPU
		{8F13F22D-22DD-4847-A43F-22F6B415773A}.Debug|Any CPU.Build.0 = Debug|Any CPU
		{8F13F22D-22DD-4847-A43F-22F6B415773A}.Release|Any CPU.ActiveCfg = Release|Any CPU
		{8F13F22D-22DD-4847-A43F-22F6B415773A}.Release|Any CPU.Build.0 = Release|Any CPU
		{3AC1DEFD-C809-4967-A6A1-A0DFD0FBDFC9}.Debug|Any CPU.ActiveCfg = Debug|Any CPU
		{3AC1DEFD-C809-4967-A6A1-A0DFD0FBDFC9}.Debug|Any CPU.Build.0 = Debug|Any CPU
		{3AC1DEFD-C809-4967-A6A1-A0DFD0FBDFC9}.Release|Any CPU.ActiveCfg = Release|Any CPU
		{3AC1DEFD-C809-4967-A6A1-A0DFD0FBDFC9}.Release|Any CPU.Build.0 = Release|Any CPU
		{15C5EAC7-6CBA-4D12-9249-44A98315663C}.Debug|Any CPU.ActiveCfg = Debug|Any CPU
		{15C5EAC7-6CBA-4D12-9249-44A98315663C}.Debug|Any CPU.Build.0 = Debug|Any CPU
		{15C5EAC7-6CBA-4D12-9249-44A98315663C}.Release|Any CPU.ActiveCfg = Release|Any CPU
		{15C5EAC7-6CBA-4D12-9249-44A98315663C}.Release|Any CPU.Build.0 = Release|Any CPU
		{ED0C795A-7716-4880-B91D-327C514B5902}.Debug|Any CPU.ActiveCfg = Debug|Any CPU
		{ED0C795A-7716-4880-B91D-327C514B5902}.Debug|Any CPU.Build.0 = Debug|Any CPU
		{ED0C795A-7716-4880-B91D-327C514B5902}.Release|Any CPU.ActiveCfg = Release|Any CPU
		{ED0C795A-7716-4880-B91D-327C514B5902}.Release|Any CPU.Build.0 = Release|Any CPU
		{69E72D71-ADA7-4E21-A04D-F6BB564B8112}.Debug|Any CPU.ActiveCfg = Debug|Any CPU
		{69E72D71-ADA7-4E21-A04D-F6BB564B8112}.Debug|Any CPU.Build.0 = Debug|Any CPU
		{69E72D71-ADA7-4E21-A04D-F6BB564B8112}.Release|Any CPU.ActiveCfg = Release|Any CPU
		{69E72D71-ADA7-4E21-A04D-F6BB564B8112}.Release|Any CPU.Build.0 = Release|Any CPU
	EndGlobalSection
	GlobalSection(SolutionProperties) = preSolution
		HideSolutionNode = FALSE
	EndGlobalSection
	GlobalSection(ExtensibilityGlobals) = postSolution
		SolutionGuid = {AF11DBDB-6FAB-4042-AA86-5C2CB4B8FFC8}
	EndGlobalSection
EndGlobal
